
Microsoft Visual Studio Solution File, Format Version 12.00
# Visual Studio Version 17
VisualStudioVersion = 17.5.002.0
MinimumVisualStudioVersion = 10.0.40219.1
Project("{9A19103F-16F7-4668-BE54-9A1E7A4F7556}") = "collections", "collections.csproj", "{A9F7A9BF-6927-4FEB-BF9C-4170EF75CF38}"
EndProject
Global
	GlobalSection(SolutionConfigurationPlatforms) = preSolution
		Debug|Any CPU = Debug|Any CPU
		Release|Any CPU = Release|Any CPU
	EndGlobalSection
	GlobalSection(ProjectConfigurationPlatforms) = postSolution
		{A9F7A9BF-6927-4FEB-BF9C-4170EF75CF38}.Debug|Any CPU.ActiveCfg = Debug|Any CPU
		{A9F7A9BF-6927-4FEB-BF9C-4170EF75CF38}.Debug|Any CPU.Build.0 = Debug|Any CPU
		{A9F7A9BF-6927-4FEB-BF9C-4170EF75CF38}.Release|Any CPU.ActiveCfg = Release|Any CPU
		{A9F7A9BF-6927-4FEB-BF9C-4170EF75CF38}.Release|Any CPU.Build.0 = Release|Any CPU
	EndGlobalSection
	GlobalSection(SolutionProperties) = preSolution
		HideSolutionNode = FALSE
	EndGlobalSection
	GlobalSection(ExtensibilityGlobals) = postSolution
		SolutionGuid = {46D83E99-716C-42AA-9DD2-091C4892FB6B}
	EndGlobalSection
EndGlobal
